
Microsoft Visual Studio Solution File, Format Version 12.00
# Visual Studio Version 17
VisualStudioVersion = 17.2.32630.192
MinimumVisualStudioVersion = 10.0.40219.1
Project("{FAE04EC0-301F-11D3-BF4B-00C04F79EFBC}") = "Day4", "Day4\Day4.csproj", "{BD2BBFC2-317D-4DFB-A4AC-04018FAEE5E2}"
EndProject
Global
	GlobalSection(SolutionConfigurationPlatforms) = preSolution
		Debug|Any CPU = Debug|Any CPU
		Release|Any CPU = Release|Any CPU
	EndGlobalSection
	GlobalSection(ProjectConfigurationPlatforms) = postSolution
		{BD2BBFC2-317D-4DFB-A4AC-04018FAEE5E2}.Debug|Any CPU.ActiveCfg = Debug|Any CPU
		{BD2BBFC2-317D-4DFB-A4AC-04018FAEE5E2}.Debug|Any CPU.Build.0 = Debug|Any CPU
		{BD2BBFC2-317D-4DFB-A4AC-04018FAEE5E2}.Release|Any CPU.ActiveCfg = Release|Any CPU
		{BD2BBFC2-317D-4DFB-A4AC-04018FAEE5E2}.Release|Any CPU.Build.0 = Release|Any CPU
	EndGlobalSection
	GlobalSection(SolutionProperties) = preSolution
		HideSolutionNode = FALSE
	EndGlobalSection
	GlobalSection(ExtensibilityGlobals) = postSolution
		SolutionGuid = {8587CC85-D033-4A9C-815E-E0DF01D891BB}
	EndGlobalSection
EndGlobal
