
Microsoft Visual Studio Solution File, Format Version 12.00
# Visual Studio Version 17
VisualStudioVersion = 17.2.32630.192
MinimumVisualStudioVersion = 10.0.40219.1
Project("{FAE04EC0-301F-11D3-BF4B-00C04F79EFBC}") = "LambdaExpression", "LambdaExpression.csproj", "{FFAEC021-D80B-4E2B-AEB8-34F74BFAEDEC}"
EndProject
Global
	GlobalSection(SolutionConfigurationPlatforms) = preSolution
		Debug|Any CPU = Debug|Any CPU
		Release|Any CPU = Release|Any CPU
	EndGlobalSection
	GlobalSection(ProjectConfigurationPlatforms) = postSolution
		{FFAEC021-D80B-4E2B-AEB8-34F74BFAEDEC}.Debug|Any CPU.ActiveCfg = Debug|Any CPU
		{FFAEC021-D80B-4E2B-AEB8-34F74BFAEDEC}.Debug|Any CPU.Build.0 = Debug|Any CPU
		{FFAEC021-D80B-4E2B-AEB8-34F74BFAEDEC}.Release|Any CPU.ActiveCfg = Release|Any CPU
		{FFAEC021-D80B-4E2B-AEB8-34F74BFAEDEC}.Release|Any CPU.Build.0 = Release|Any CPU
	EndGlobalSection
	GlobalSection(SolutionProperties) = preSolution
		HideSolutionNode = FALSE
	EndGlobalSection
	GlobalSection(ExtensibilityGlobals) = postSolution
		SolutionGuid = {79559C44-9EB2-4542-8E27-FD48F177661E}
	EndGlobalSection
EndGlobal
