
Microsoft Visual Studio Solution File, Format Version 12.00
# Visual Studio Version 17
VisualStudioVersion = 17.2.32630.192
MinimumVisualStudioVersion = 10.0.40219.1
Project("{FAE04EC0-301F-11D3-BF4B-00C04F79EFBC}") = "Sept27_Assignment", "Sept27_Assignment.csproj", "{C1FE30E2-E453-46D9-A19A-97748E56BD07}"
EndProject
Global
	GlobalSection(SolutionConfigurationPlatforms) = preSolution
		Debug|Any CPU = Debug|Any CPU
		Release|Any CPU = Release|Any CPU
	EndGlobalSection
	GlobalSection(ProjectConfigurationPlatforms) = postSolution
		{C1FE30E2-E453-46D9-A19A-97748E56BD07}.Debug|Any CPU.ActiveCfg = Debug|Any CPU
		{C1FE30E2-E453-46D9-A19A-97748E56BD07}.Debug|Any CPU.Build.0 = Debug|Any CPU
		{C1FE30E2-E453-46D9-A19A-97748E56BD07}.Release|Any CPU.ActiveCfg = Release|Any CPU
		{C1FE30E2-E453-46D9-A19A-97748E56BD07}.Release|Any CPU.Build.0 = Release|Any CPU
	EndGlobalSection
	GlobalSection(SolutionProperties) = preSolution
		HideSolutionNode = FALSE
	EndGlobalSection
	GlobalSection(ExtensibilityGlobals) = postSolution
		SolutionGuid = {598DFA11-A538-44AE-B98F-77C8CA17034C}
	EndGlobalSection
EndGlobal
